
Microsoft Visual Studio Solution File, Format Version 12.00
# Visual Studio 14
VisualStudioVersion = 14.0.23107.0
MinimumVisualStudioVersion = 10.0.40219.1
Project("{FAE04EC0-301F-11D3-BF4B-00C04F79EFBC}") = "NUnitReporter", "NUnitReporter\NUnitReporter.csproj", "{43B4BD39-342B-4728-81AE-00D714BC1F81}"
EndProject
Project("{FAE04EC0-301F-11D3-BF4B-00C04F79EFBC}") = "NUnitReporterTests", "NUnitReporterTests\NUnitReporterTests.csproj", "{BBB45A1B-D294-4FB8-9D5A-0585059ABC76}"
EndProject
Project("{FAE04EC0-301F-11D3-BF4B-00C04F79EFBC}") = "NUnitReporter.EventReport", "NUnitReporter.EventReport\NUnitReporter.EventReport.csproj", "{B4BB9D86-6CA6-4680-ABCD-4F01C740A1E2}"
EndProject
Project("{FAE04EC0-301F-11D3-BF4B-00C04F79EFBC}") = "NUnitReporter.EventReport.ProxyFactory", "NUnitReporter.EventReport.ProxyFactory\NUnitReporter.EventReport.ProxyFactory.csproj", "{8383D4F2-0384-4D94-8ECE-D98CA796A20D}"
EndProject
Project("{FAE04EC0-301F-11D3-BF4B-00C04F79EFBC}") = "NUnitReporter.EventReport.NUnit3", "NUnitReporter.EventReport.NUnit3\NUnitReporter.EventReport.NUnit3.csproj", "{367A8EA7-C034-4BAA-98D5-B1402CC8B170}"
EndProject
Global
	GlobalSection(SolutionConfigurationPlatforms) = preSolution
		Debug|Any CPU = Debug|Any CPU
		Release|Any CPU = Release|Any CPU
	EndGlobalSection
	GlobalSection(ProjectConfigurationPlatforms) = postSolution
		{43B4BD39-342B-4728-81AE-00D714BC1F81}.Debug|Any CPU.ActiveCfg = Debug|Any CPU
		{43B4BD39-342B-4728-81AE-00D714BC1F81}.Debug|Any CPU.Build.0 = Debug|Any CPU
		{43B4BD39-342B-4728-81AE-00D714BC1F81}.Release|Any CPU.ActiveCfg = Release|Any CPU
		{43B4BD39-342B-4728-81AE-00D714BC1F81}.Release|Any CPU.Build.0 = Release|Any CPU
		{BBB45A1B-D294-4FB8-9D5A-0585059ABC76}.Debug|Any CPU.ActiveCfg = Debug|Any CPU
		{BBB45A1B-D294-4FB8-9D5A-0585059ABC76}.Debug|Any CPU.Build.0 = Debug|Any CPU
		{BBB45A1B-D294-4FB8-9D5A-0585059ABC76}.Release|Any CPU.ActiveCfg = Release|Any CPU
		{BBB45A1B-D294-4FB8-9D5A-0585059ABC76}.Release|Any CPU.Build.0 = Release|Any CPU
		{B4BB9D86-6CA6-4680-ABCD-4F01C740A1E2}.Debug|Any CPU.ActiveCfg = Debug|Any CPU
		{B4BB9D86-6CA6-4680-ABCD-4F01C740A1E2}.Debug|Any CPU.Build.0 = Debug|Any CPU
		{B4BB9D86-6CA6-4680-ABCD-4F01C740A1E2}.Release|Any CPU.ActiveCfg = Release|Any CPU
		{B4BB9D86-6CA6-4680-ABCD-4F01C740A1E2}.Release|Any CPU.Build.0 = Release|Any CPU
		{8383D4F2-0384-4D94-8ECE-D98CA796A20D}.Debug|Any CPU.ActiveCfg = Debug|Any CPU
		{8383D4F2-0384-4D94-8ECE-D98CA796A20D}.Debug|Any CPU.Build.0 = Debug|Any CPU
		{8383D4F2-0384-4D94-8ECE-D98CA796A20D}.Release|Any CPU.ActiveCfg = Release|Any CPU
		{8383D4F2-0384-4D94-8ECE-D98CA796A20D}.Release|Any CPU.Build.0 = Release|Any CPU
		{367A8EA7-C034-4BAA-98D5-B1402CC8B170}.Debug|Any CPU.ActiveCfg = Debug|Any CPU
		{367A8EA7-C034-4BAA-98D5-B1402CC8B170}.Debug|Any CPU.Build.0 = Debug|Any CPU
		{367A8EA7-C034-4BAA-98D5-B1402CC8B170}.Release|Any CPU.ActiveCfg = Release|Any CPU
		{367A8EA7-C034-4BAA-98D5-B1402CC8B170}.Release|Any CPU.Build.0 = Release|Any CPU
	EndGlobalSection
	GlobalSection(SolutionProperties) = preSolution
		HideSolutionNode = FALSE
	EndGlobalSection
EndGlobal
